// !$*UTF8*$!
{
	archiveVersion = 1;
	classes = {
	};
	objectVersion = 46;
	objects = {

/* Begin PBXBuildFile section */
		73C6551514BC376F00CB60BA /* UIKit.framework in Frameworks */ = {isa = PBXBuildFile; fileRef = 73C6551414BC376F00CB60BA /* UIKit.framework */; };
		73C6551714BC376F00CB60BA /* Foundation.framework in Frameworks */ = {isa = PBXBuildFile; fileRef = 73C6551614BC376F00CB60BA /* Foundation.framework */; };
		73C6551914BC376F00CB60BA /* CoreGraphics.framework in Frameworks */ = {isa = PBXBuildFile; fileRef = 73C6551814BC376F00CB60BA /* CoreGraphics.framework */; };
		73C6551B14BC376F00CB60BA /* CoreData.framework in Frameworks */ = {isa = PBXBuildFile; fileRef = 73C6551A14BC376F00CB60BA /* CoreData.framework */; };
		73C6552114BC376F00CB60BA /* InfoPlist.strings in Resources */ = {isa = PBXBuildFile; fileRef = 73C6551F14BC376F00CB60BA /* InfoPlist.strings */; };
		73C6552314BC376F00CB60BA /* main.m in Sources */ = {isa = PBXBuildFile; fileRef = 73C6552214BC376F00CB60BA /* main.m */; };
		73C6552714BC376F00CB60BA /* AppDelegate.m in Sources */ = {isa = PBXBuildFile; fileRef = 73C6552614BC376F00CB60BA /* AppDelegate.m */; };
		73C6552A14BC377000CB60BA /* MagicalRecordSample.xcdatamodeld in Sources */ = {isa = PBXBuildFile; fileRef = 73C6552814BC376F00CB60BA /* MagicalRecordSample.xcdatamodeld */; };
		73C6554B14BC3C4100CB60BA /* _Person.m in Sources */ = {isa = PBXBuildFile; fileRef = 73C6554814BC3C4100CB60BA /* _Person.m */; };
		73C6554C14BC3C4100CB60BA /* Person.m in Sources */ = {isa = PBXBuildFile; fileRef = 73C6554A14BC3C4100CB60BA /* Person.m */; };
		73C6556F14BC3D2200CB60BA /* NSAttributeDescription+MagicalDataImport.m in Sources */ = {isa = PBXBuildFile; fileRef = 73C6555214BC3D2200CB60BA /* NSAttributeDescription+MagicalDataImport.m */; };
		73C6557014BC3D2200CB60BA /* NSEntityDescription+MagicalDataImport.m in Sources */ = {isa = PBXBuildFile; fileRef = 73C6555414BC3D2200CB60BA /* NSEntityDescription+MagicalDataImport.m */; };
		73C6557114BC3D2200CB60BA /* NSNumber+MagicalDataImport.m in Sources */ = {isa = PBXBuildFile; fileRef = 73C6555614BC3D2200CB60BA /* NSNumber+MagicalDataImport.m */; };
		73C6557214BC3D2200CB60BA /* NSObject+MagicalDataImport.m in Sources */ = {isa = PBXBuildFile; fileRef = 73C6555814BC3D2200CB60BA /* NSObject+MagicalDataImport.m */; };
		73C6557314BC3D2200CB60BA /* NSRelationshipDescription+MagicalDataImport.m in Sources */ = {isa = PBXBuildFile; fileRef = 73C6555A14BC3D2200CB60BA /* NSRelationshipDescription+MagicalDataImport.m */; };
		73C6557414BC3D2200CB60BA /* NSString+MagicalDataImport.m in Sources */ = {isa = PBXBuildFile; fileRef = 73C6555C14BC3D2200CB60BA /* NSString+MagicalDataImport.m */; };
		73C6557514BC3D2200CB60BA /* NSManagedObject+MagicalDataImport.m in Sources */ = {isa = PBXBuildFile; fileRef = 73C6555E14BC3D2200CB60BA /* NSManagedObject+MagicalDataImport.m */; };
		73C6557614BC3D2200CB60BA /* NSManagedObject+MagicalRecord.m in Sources */ = {isa = PBXBuildFile; fileRef = 73C6556014BC3D2200CB60BA /* NSManagedObject+MagicalRecord.m */; };
		73C6557714BC3D2200CB60BA /* NSManagedObjectContext+MagicalRecord.m in Sources */ = {isa = PBXBuildFile; fileRef = 73C6556214BC3D2200CB60BA /* NSManagedObjectContext+MagicalRecord.m */; };
		73C6557814BC3D2200CB60BA /* NSManagedObjectModel+MagicalRecord.m in Sources */ = {isa = PBXBuildFile; fileRef = 73C6556414BC3D2200CB60BA /* NSManagedObjectModel+MagicalRecord.m */; };
		73C6557914BC3D2200CB60BA /* NSPersistentStore+MagicalRecord.m in Sources */ = {isa = PBXBuildFile; fileRef = 73C6556614BC3D2200CB60BA /* NSPersistentStore+MagicalRecord.m */; };
		73C6557A14BC3D2200CB60BA /* NSPersistentStoreCoordinator+MagicalRecord.m in Sources */ = {isa = PBXBuildFile; fileRef = 73C6556814BC3D2200CB60BA /* NSPersistentStoreCoordinator+MagicalRecord.m */; };
		73C6557B14BC3D2200CB60BA /* MagicalRecordHelpers.m in Sources */ = {isa = PBXBuildFile; fileRef = 73C6556B14BC3D2200CB60BA /* MagicalRecordHelpers.m */; };
		73C6557C14BC3D2200CB60BA /* MRCoreDataAction.m in Sources */ = {isa = PBXBuildFile; fileRef = 73C6556E14BC3D2200CB60BA /* MRCoreDataAction.m */; };
		73C6557C14BC3D2200CB60BC /* readme.md in Resources */ = {isa = PBXBuildFile; fileRef = 73C6557C14BC3D2200CB60BB /* readme.md */; };
/* End PBXBuildFile section */

/* Begin PBXFileReference section */
		73C6551014BC376F00CB60BA /* MagicalRecordSample.app */ = {isa = PBXFileReference; explicitFileType = wrapper.application; includeInIndex = 0; path = MagicalRecordSample.app; sourceTree = BUILT_PRODUCTS_DIR; };
		73C6551414BC376F00CB60BA /* UIKit.framework */ = {isa = PBXFileReference; lastKnownFileType = wrapper.framework; name = UIKit.framework; path = System/Library/Frameworks/UIKit.framework; sourceTree = SDKROOT; };
		73C6551614BC376F00CB60BA /* Foundation.framework */ = {isa = PBXFileReference; lastKnownFileType = wrapper.framework; name = Foundation.framework; path = System/Library/Frameworks/Foundation.framework; sourceTree = SDKROOT; };
		73C6551814BC376F00CB60BA /* CoreGraphics.framework */ = {isa = PBXFileReference; lastKnownFileType = wrapper.framework; name = CoreGraphics.framework; path = System/Library/Frameworks/CoreGraphics.framework; sourceTree = SDKROOT; };
		73C6551A14BC376F00CB60BA /* CoreData.framework */ = {isa = PBXFileReference; lastKnownFileType = wrapper.framework; name = CoreData.framework; path = System/Library/Frameworks/CoreData.framework; sourceTree = SDKROOT; };
		73C6551E14BC376F00CB60BA /* MagicalRecordSample-Info.plist */ = {isa = PBXFileReference; lastKnownFileType = text.plist.xml; path = "MagicalRecordSample-Info.plist"; sourceTree = "<group>"; };
		73C6552014BC376F00CB60BA /* en */ = {isa = PBXFileReference; lastKnownFileType = text.plist.strings; name = en; path = en.lproj/InfoPlist.strings; sourceTree = "<group>"; };
		73C6552214BC376F00CB60BA /* main.m */ = {isa = PBXFileReference; lastKnownFileType = sourcecode.c.objc; path = main.m; sourceTree = "<group>"; };
		73C6552414BC376F00CB60BA /* MagicalRecordSample-Prefix.pch */ = {isa = PBXFileReference; lastKnownFileType = sourcecode.c.h; path = "MagicalRecordSample-Prefix.pch"; sourceTree = "<group>"; };
		73C6552514BC376F00CB60BA /* AppDelegate.h */ = {isa = PBXFileReference; lastKnownFileType = sourcecode.c.h; path = AppDelegate.h; sourceTree = "<group>"; };
		73C6552614BC376F00CB60BA /* AppDelegate.m */ = {isa = PBXFileReference; lastKnownFileType = sourcecode.c.objc; path = AppDelegate.m; sourceTree = "<group>"; };
		73C6552914BC376F00CB60BA /* MagicalRecordSample.xcdatamodel */ = {isa = PBXFileReference; lastKnownFileType = wrapper.xcdatamodel; path = MagicalRecordSample.xcdatamodel; sourceTree = "<group>"; };
		73C6554714BC3C4100CB60BA /* _Person.h */ = {isa = PBXFileReference; fileEncoding = 4; lastKnownFileType = sourcecode.c.h; path = _Person.h; sourceTree = "<group>"; };
		73C6554814BC3C4100CB60BA /* _Person.m */ = {isa = PBXFileReference; fileEncoding = 4; lastKnownFileType = sourcecode.c.objc; path = _Person.m; sourceTree = "<group>"; };
		73C6554914BC3C4100CB60BA /* Person.h */ = {isa = PBXFileReference; fileEncoding = 4; lastKnownFileType = sourcecode.c.h; path = Person.h; sourceTree = "<group>"; };
		73C6554A14BC3C4100CB60BA /* Person.m */ = {isa = PBXFileReference; fileEncoding = 4; lastKnownFileType = sourcecode.c.objc; path = Person.m; sourceTree = "<group>"; };
		73C6555114BC3D2200CB60BA /* NSAttributeDescription+MagicalDataImport.h */ = {isa = PBXFileReference; fileEncoding = 4; lastKnownFileType = sourcecode.c.h; path = "NSAttributeDescription+MagicalDataImport.h"; sourceTree = "<group>"; };
		73C6555214BC3D2200CB60BA /* NSAttributeDescription+MagicalDataImport.m */ = {isa = PBXFileReference; fileEncoding = 4; lastKnownFileType = sourcecode.c.objc; path = "NSAttributeDescription+MagicalDataImport.m"; sourceTree = "<group>"; };
		73C6555314BC3D2200CB60BA /* NSEntityDescription+MagicalDataImport.h */ = {isa = PBXFileReference; fileEncoding = 4; lastKnownFileType = sourcecode.c.h; path = "NSEntityDescription+MagicalDataImport.h"; sourceTree = "<group>"; };
		73C6555414BC3D2200CB60BA /* NSEntityDescription+MagicalDataImport.m */ = {isa = PBXFileReference; fileEncoding = 4; lastKnownFileType = sourcecode.c.objc; path = "NSEntityDescription+MagicalDataImport.m"; sourceTree = "<group>"; };
		73C6555514BC3D2200CB60BA /* NSNumber+MagicalDataImport.h */ = {isa = PBXFileReference; fileEncoding = 4; lastKnownFileType = sourcecode.c.h; path = "NSNumber+MagicalDataImport.h"; sourceTree = "<group>"; };
		73C6555614BC3D2200CB60BA /* NSNumber+MagicalDataImport.m */ = {isa = PBXFileReference; fileEncoding = 4; lastKnownFileType = sourcecode.c.objc; path = "NSNumber+MagicalDataImport.m"; sourceTree = "<group>"; };
		73C6555714BC3D2200CB60BA /* NSObject+MagicalDataImport.h */ = {isa = PBXFileReference; fileEncoding = 4; lastKnownFileType = sourcecode.c.h; path = "NSObject+MagicalDataImport.h"; sourceTree = "<group>"; };
		73C6555814BC3D2200CB60BA /* NSObject+MagicalDataImport.m */ = {isa = PBXFileReference; fileEncoding = 4; lastKnownFileType = sourcecode.c.objc; path = "NSObject+MagicalDataImport.m"; sourceTree = "<group>"; };
		73C6555914BC3D2200CB60BA /* NSRelationshipDescription+MagicalDataImport.h */ = {isa = PBXFileReference; fileEncoding = 4; lastKnownFileType = sourcecode.c.h; path = "NSRelationshipDescription+MagicalDataImport.h"; sourceTree = "<group>"; };
		73C6555A14BC3D2200CB60BA /* NSRelationshipDescription+MagicalDataImport.m */ = {isa = PBXFileReference; fileEncoding = 4; lastKnownFileType = sourcecode.c.objc; path = "NSRelationshipDescription+MagicalDataImport.m"; sourceTree = "<group>"; };
		73C6555B14BC3D2200CB60BA /* NSString+MagicalDataImport.h */ = {isa = PBXFileReference; fileEncoding = 4; lastKnownFileType = sourcecode.c.h; path = "NSString+MagicalDataImport.h"; sourceTree = "<group>"; };
		73C6555C14BC3D2200CB60BA /* NSString+MagicalDataImport.m */ = {isa = PBXFileReference; fileEncoding = 4; lastKnownFileType = sourcecode.c.objc; path = "NSString+MagicalDataImport.m"; sourceTree = "<group>"; };
		73C6555D14BC3D2200CB60BA /* NSManagedObject+MagicalDataImport.h */ = {isa = PBXFileReference; fileEncoding = 4; lastKnownFileType = sourcecode.c.h; path = "NSManagedObject+MagicalDataImport.h"; sourceTree = "<group>"; };
		73C6555E14BC3D2200CB60BA /* NSManagedObject+MagicalDataImport.m */ = {isa = PBXFileReference; fileEncoding = 4; lastKnownFileType = sourcecode.c.objc; path = "NSManagedObject+MagicalDataImport.m"; sourceTree = "<group>"; };
		73C6555F14BC3D2200CB60BA /* NSManagedObject+MagicalRecord.h */ = {isa = PBXFileReference; fileEncoding = 4; lastKnownFileType = sourcecode.c.h; path = "NSManagedObject+MagicalRecord.h"; sourceTree = "<group>"; };
		73C6556014BC3D2200CB60BA /* NSManagedObject+MagicalRecord.m */ = {isa = PBXFileReference; fileEncoding = 4; lastKnownFileType = sourcecode.c.objc; path = "NSManagedObject+MagicalRecord.m"; sourceTree = "<group>"; };
		73C6556114BC3D2200CB60BA /* NSManagedObjectContext+MagicalRecord.h */ = {isa = PBXFileReference; fileEncoding = 4; lastKnownFileType = sourcecode.c.h; path = "NSManagedObjectContext+MagicalRecord.h"; sourceTree = "<group>"; };
		73C6556214BC3D2200CB60BA /* NSManagedObjectContext+MagicalRecord.m */ = {isa = PBXFileReference; fileEncoding = 4; lastKnownFileType = sourcecode.c.objc; path = "NSManagedObjectContext+MagicalRecord.m"; sourceTree = "<group>"; };
		73C6556314BC3D2200CB60BA /* NSManagedObjectModel+MagicalRecord.h */ = {isa = PBXFileReference; fileEncoding = 4; lastKnownFileType = sourcecode.c.h; path = "NSManagedObjectModel+MagicalRecord.h"; sourceTree = "<group>"; };
		73C6556414BC3D2200CB60BA /* NSManagedObjectModel+MagicalRecord.m */ = {isa = PBXFileReference; fileEncoding = 4; lastKnownFileType = sourcecode.c.objc; path = "NSManagedObjectModel+MagicalRecord.m"; sourceTree = "<group>"; };
		73C6556514BC3D2200CB60BA /* NSPersistentStore+MagicalRecord.h */ = {isa = PBXFileReference; fileEncoding = 4; lastKnownFileType = sourcecode.c.h; path = "NSPersistentStore+MagicalRecord.h"; sourceTree = "<group>"; };
		73C6556614BC3D2200CB60BA /* NSPersistentStore+MagicalRecord.m */ = {isa = PBXFileReference; fileEncoding = 4; lastKnownFileType = sourcecode.c.objc; path = "NSPersistentStore+MagicalRecord.m"; sourceTree = "<group>"; };
		73C6556714BC3D2200CB60BA /* NSPersistentStoreCoordinator+MagicalRecord.h */ = {isa = PBXFileReference; fileEncoding = 4; lastKnownFileType = sourcecode.c.h; path = "NSPersistentStoreCoordinator+MagicalRecord.h"; sourceTree = "<group>"; };
		73C6556814BC3D2200CB60BA /* NSPersistentStoreCoordinator+MagicalRecord.m */ = {isa = PBXFileReference; fileEncoding = 4; lastKnownFileType = sourcecode.c.objc; path = "NSPersistentStoreCoordinator+MagicalRecord.m"; sourceTree = "<group>"; };
		73C6556914BC3D2200CB60BA /* CoreData+MagicalRecord.h */ = {isa = PBXFileReference; fileEncoding = 4; lastKnownFileType = sourcecode.c.h; path = "CoreData+MagicalRecord.h"; sourceTree = "<group>"; };
		73C6556A14BC3D2200CB60BA /* MagicalRecordHelpers.h */ = {isa = PBXFileReference; fileEncoding = 4; lastKnownFileType = sourcecode.c.h; path = MagicalRecordHelpers.h; sourceTree = "<group>"; };
		73C6556B14BC3D2200CB60BA /* MagicalRecordHelpers.m */ = {isa = PBXFileReference; fileEncoding = 4; lastKnownFileType = sourcecode.c.objc; path = MagicalRecordHelpers.m; sourceTree = "<group>"; };
		73C6556C14BC3D2200CB60BA /* MagicalRecordShorthand.h */ = {isa = PBXFileReference; fileEncoding = 4; lastKnownFileType = sourcecode.c.h; path = MagicalRecordShorthand.h; sourceTree = "<group>"; };
		73C6556D14BC3D2200CB60BA /* MRCoreDataAction.h */ = {isa = PBXFileReference; fileEncoding = 4; lastKnownFileType = sourcecode.c.h; path = MRCoreDataAction.h; sourceTree = "<group>"; };
		73C6556E14BC3D2200CB60BA /* MRCoreDataAction.m */ = {isa = PBXFileReference; fileEncoding = 4; lastKnownFileType = sourcecode.c.objc; path = MRCoreDataAction.m; sourceTree = "<group>"; };
		73C6557C14BC3D2200CB60BB /* readme.md */ = {isa = PBXFileReference; lastKnownFileType = file.md; path = readme.md; sourceTree = "<group>"; };
/* End PBXFileReference section */

/* Begin PBXFrameworksBuildPhase section */
		73C6550D14BC376F00CB60BA /* Frameworks */ = {
			isa = PBXFrameworksBuildPhase;
			buildActionMask = 2147483647;
			files = (
				73C6551514BC376F00CB60BA /* UIKit.framework in Frameworks */,
				73C6551714BC376F00CB60BA /* Foundation.framework in Frameworks */,
				73C6551914BC376F00CB60BA /* CoreGraphics.framework in Frameworks */,
				73C6551B14BC376F00CB60BA /* CoreData.framework in Frameworks */,
			);
			runOnlyForDeploymentPostprocessing = 0;
		};
/* End PBXFrameworksBuildPhase section */

/* Begin PBXGroup section */
		73C6550514BC376F00CB60BA = {
			isa = PBXGroup;
			children = (
				73C6557C14BC3D2200CB60BB /* readme.md */,
				73C6551C14BC376F00CB60BA /* MagicalRecordSample */,
				73C6551314BC376F00CB60BA /* Frameworks */,
				73C6551114BC376F00CB60BA /* Products */,
			);
			sourceTree = "<group>";
		};
		73C6551114BC376F00CB60BA /* Products */ = {
			isa = PBXGroup;
			children = (
				73C6551014BC376F00CB60BA /* MagicalRecordSample.app */,
			);
			name = Products;
			sourceTree = "<group>";
		};
		73C6551314BC376F00CB60BA /* Frameworks */ = {
			isa = PBXGroup;
			children = (
				73C6551414BC376F00CB60BA /* UIKit.framework */,
				73C6551614BC376F00CB60BA /* Foundation.framework */,
				73C6551814BC376F00CB60BA /* CoreGraphics.framework */,
				73C6551A14BC376F00CB60BA /* CoreData.framework */,
			);
			name = Frameworks;
			sourceTree = "<group>";
		};
		73C6551C14BC376F00CB60BA /* MagicalRecordSample */ = {
			isa = PBXGroup;
			children = (
				73C6554E14BC3D2200CB60BA /* Source */,
				73C6554614BC3C4100CB60BA /* Models */,
				73C6552514BC376F00CB60BA /* AppDelegate.h */,
				73C6552614BC376F00CB60BA /* AppDelegate.m */,
				73C6552814BC376F00CB60BA /* MagicalRecordSample.xcdatamodeld */,
				73C6551D14BC376F00CB60BA /* Supporting Files */,
			);
			path = MagicalRecordSample;
			sourceTree = "<group>";
		};
		73C6551D14BC376F00CB60BA /* Supporting Files */ = {
			isa = PBXGroup;
			children = (
				73C6551E14BC376F00CB60BA /* MagicalRecordSample-Info.plist */,
				73C6551F14BC376F00CB60BA /* InfoPlist.strings */,
				73C6552214BC376F00CB60BA /* main.m */,
				73C6552414BC376F00CB60BA /* MagicalRecordSample-Prefix.pch */,
			);
			name = "Supporting Files";
			sourceTree = "<group>";
		};
		73C6554614BC3C4100CB60BA /* Models */ = {
			isa = PBXGroup;
			children = (
				73C6554714BC3C4100CB60BA /* _Person.h */,
				73C6554814BC3C4100CB60BA /* _Person.m */,
				73C6554914BC3C4100CB60BA /* Person.h */,
				73C6554A14BC3C4100CB60BA /* Person.m */,
			);
			path = Models;
			sourceTree = "<group>";
		};
		73C6554E14BC3D2200CB60BA /* Source */ = {
			isa = PBXGroup;
			children = (
				73C6554F14BC3D2200CB60BA /* Categories */,
				73C6556914BC3D2200CB60BA /* CoreData+MagicalRecord.h */,
				73C6556A14BC3D2200CB60BA /* MagicalRecordHelpers.h */,
				73C6556B14BC3D2200CB60BA /* MagicalRecordHelpers.m */,
				73C6556C14BC3D2200CB60BA /* MagicalRecordShorthand.h */,
				73C6556D14BC3D2200CB60BA /* MRCoreDataAction.h */,
				73C6556E14BC3D2200CB60BA /* MRCoreDataAction.m */,
			);
			path = Source;
			sourceTree = "<group>";
		};
		73C6554F14BC3D2200CB60BA /* Categories */ = {
			isa = PBXGroup;
			children = (
				73C6555014BC3D2200CB60BA /* DataImport */,
				73C6555D14BC3D2200CB60BA /* NSManagedObject+MagicalDataImport.h */,
				73C6555E14BC3D2200CB60BA /* NSManagedObject+MagicalDataImport.m */,
				73C6555F14BC3D2200CB60BA /* NSManagedObject+MagicalRecord.h */,
				73C6556014BC3D2200CB60BA /* NSManagedObject+MagicalRecord.m */,
				73C6556114BC3D2200CB60BA /* NSManagedObjectContext+MagicalRecord.h */,
				73C6556214BC3D2200CB60BA /* NSManagedObjectContext+MagicalRecord.m */,
				73C6556314BC3D2200CB60BA /* NSManagedObjectModel+MagicalRecord.h */,
				73C6556414BC3D2200CB60BA /* NSManagedObjectModel+MagicalRecord.m */,
				73C6556514BC3D2200CB60BA /* NSPersistentStore+MagicalRecord.h */,
				73C6556614BC3D2200CB60BA /* NSPersistentStore+MagicalRecord.m */,
				73C6556714BC3D2200CB60BA /* NSPersistentStoreCoordinator+MagicalRecord.h */,
				73C6556814BC3D2200CB60BA /* NSPersistentStoreCoordinator+MagicalRecord.m */,
			);
			path = Categories;
			sourceTree = "<group>";
		};
		73C6555014BC3D2200CB60BA /* DataImport */ = {
			isa = PBXGroup;
			children = (
				73C6555114BC3D2200CB60BA /* NSAttributeDescription+MagicalDataImport.h */,
				73C6555214BC3D2200CB60BA /* NSAttributeDescription+MagicalDataImport.m */,
				73C6555314BC3D2200CB60BA /* NSEntityDescription+MagicalDataImport.h */,
				73C6555414BC3D2200CB60BA /* NSEntityDescription+MagicalDataImport.m */,
				73C6555514BC3D2200CB60BA /* NSNumber+MagicalDataImport.h */,
				73C6555614BC3D2200CB60BA /* NSNumber+MagicalDataImport.m */,
				73C6555714BC3D2200CB60BA /* NSObject+MagicalDataImport.h */,
				73C6555814BC3D2200CB60BA /* NSObject+MagicalDataImport.m */,
				73C6555914BC3D2200CB60BA /* NSRelationshipDescription+MagicalDataImport.h */,
				73C6555A14BC3D2200CB60BA /* NSRelationshipDescription+MagicalDataImport.m */,
				73C6555B14BC3D2200CB60BA /* NSString+MagicalDataImport.h */,
				73C6555C14BC3D2200CB60BA /* NSString+MagicalDataImport.m */,
			);
			path = DataImport;
			sourceTree = "<group>";
		};
/* End PBXGroup section */

/* Begin PBXNativeTarget section */
		73C6550F14BC376F00CB60BA /* MagicalRecordSample */ = {
			isa = PBXNativeTarget;
			buildConfigurationList = 73C6552D14BC377000CB60BA /* Build configuration list for PBXNativeTarget "MagicalRecordSample" */;
			buildPhases = (
				73C6550C14BC376F00CB60BA /* Sources */,
				73C6550D14BC376F00CB60BA /* Frameworks */,
				73C6550E14BC376F00CB60BA /* Resources */,
			);
			buildRules = (
			);
			dependencies = (
			);
			name = MagicalRecordSample;
			productName = MagicalRecordSample;
			productReference = 73C6551014BC376F00CB60BA /* MagicalRecordSample.app */;
			productType = "com.apple.product-type.application";
		};
/* End PBXNativeTarget section */

/* Begin PBXProject section */
		73C6550714BC376F00CB60BA /* Project object */ = {
			isa = PBXProject;
			attributes = {
				LastUpgradeCheck = 0420;
			};
			buildConfigurationList = 73C6550A14BC376F00CB60BA /* Build configuration list for PBXProject "MagicalRecordSample" */;
			compatibilityVersion = "Xcode 3.2";
			developmentRegion = English;
			hasScannedForEncodings = 0;
			knownRegions = (
				en,
			);
			mainGroup = 73C6550514BC376F00CB60BA;
			productRefGroup = 73C6551114BC376F00CB60BA /* Products */;
			projectDirPath = "";
			projectRoot = "";
			targets = (
				73C6550F14BC376F00CB60BA /* MagicalRecordSample */,
			);
		};
/* End PBXProject section */

/* Begin PBXResourcesBuildPhase section */
		73C6550E14BC376F00CB60BA /* Resources */ = {
			isa = PBXResourcesBuildPhase;
			buildActionMask = 2147483647;
			files = (
				73C6552114BC376F00CB60BA /* InfoPlist.strings in Resources */,
				73C6557C14BC3D2200CB60BC /* readme.md in Resources */,
			);
			runOnlyForDeploymentPostprocessing = 0;
		};
/* End PBXResourcesBuildPhase section */

/* Begin PBXSourcesBuildPhase section */
		73C6550C14BC376F00CB60BA /* Sources */ = {
			isa = PBXSourcesBuildPhase;
			buildActionMask = 2147483647;
			files = (
				73C6552314BC376F00CB60BA /* main.m in Sources */,
				73C6552714BC376F00CB60BA /* AppDelegate.m in Sources */,
				73C6552A14BC377000CB60BA /* MagicalRecordSample.xcdatamodeld in Sources */,
				73C6554B14BC3C4100CB60BA /* _Person.m in Sources */,
				73C6554C14BC3C4100CB60BA /* Person.m in Sources */,
				73C6556F14BC3D2200CB60BA /* NSAttributeDescription+MagicalDataImport.m in Sources */,
				73C6557014BC3D2200CB60BA /* NSEntityDescription+MagicalDataImport.m in Sources */,
				73C6557114BC3D2200CB60BA /* NSNumber+MagicalDataImport.m in Sources */,
				73C6557214BC3D2200CB60BA /* NSObject+MagicalDataImport.m in Sources */,
				73C6557314BC3D2200CB60BA /* NSRelationshipDescription+MagicalDataImport.m in Sources */,
				73C6557414BC3D2200CB60BA /* NSString+MagicalDataImport.m in Sources */,
				73C6557514BC3D2200CB60BA /* NSManagedObject+MagicalDataImport.m in Sources */,
				73C6557614BC3D2200CB60BA /* NSManagedObject+MagicalRecord.m in Sources */,
				73C6557714BC3D2200CB60BA /* NSManagedObjectContext+MagicalRecord.m in Sources */,
				73C6557814BC3D2200CB60BA /* NSManagedObjectModel+MagicalRecord.m in Sources */,
				73C6557914BC3D2200CB60BA /* NSPersistentStore+MagicalRecord.m in Sources */,
				73C6557A14BC3D2200CB60BA /* NSPersistentStoreCoordinator+MagicalRecord.m in Sources */,
				73C6557B14BC3D2200CB60BA /* MagicalRecordHelpers.m in Sources */,
				73C6557C14BC3D2200CB60BA /* MRCoreDataAction.m in Sources */,
			);
			runOnlyForDeploymentPostprocessing = 0;
		};
/* End PBXSourcesBuildPhase section */

/* Begin PBXVariantGroup section */
		73C6551F14BC376F00CB60BA /* InfoPlist.strings */ = {
			isa = PBXVariantGroup;
			children = (
				73C6552014BC376F00CB60BA /* en */,
			);
			name = InfoPlist.strings;
			sourceTree = "<group>";
		};
/* End PBXVariantGroup section */

/* Begin XCBuildConfiguration section */
		73C6552B14BC377000CB60BA /* Debug */ = {
			isa = XCBuildConfiguration;
			buildSettings = {
				ALWAYS_SEARCH_USER_PATHS = NO;
				ARCHS = "$(ARCHS_STANDARD_32_BIT)";
				"CODE_SIGN_IDENTITY[sdk=iphoneos*]" = "iPhone Developer";
				COPY_PHASE_STRIP = NO;
				GCC_C_LANGUAGE_STANDARD = gnu99;
				GCC_DYNAMIC_NO_PIC = NO;
				GCC_OPTIMIZATION_LEVEL = 0;
				GCC_PREPROCESSOR_DEFINITIONS = (
					"DEBUG=1",
					"$(inherited)",
				);
				GCC_SYMBOLS_PRIVATE_EXTERN = NO;
				GCC_VERSION = com.apple.compilers.llvm.clang.1_0;
				GCC_WARN_ABOUT_MISSING_PROTOTYPES = YES;
				GCC_WARN_ABOUT_RETURN_TYPE = YES;
				GCC_WARN_UNUSED_VARIABLE = YES;
				IPHONEOS_DEPLOYMENT_TARGET = 5.0;
				SDKROOT = iphoneos;
			};
			name = Debug;
		};
		73C6552C14BC377000CB60BA /* Release */ = {
			isa = XCBuildConfiguration;
			buildSettings = {
				ALWAYS_SEARCH_USER_PATHS = NO;
				ARCHS = "$(ARCHS_STANDARD_32_BIT)";
				"CODE_SIGN_IDENTITY[sdk=iphoneos*]" = "iPhone Developer";
				COPY_PHASE_STRIP = YES;
				GCC_C_LANGUAGE_STANDARD = gnu99;
				GCC_VERSION = com.apple.compilers.llvm.clang.1_0;
				GCC_WARN_ABOUT_MISSING_PROTOTYPES = YES;
				GCC_WARN_ABOUT_RETURN_TYPE = YES;
				GCC_WARN_UNUSED_VARIABLE = YES;
				IPHONEOS_DEPLOYMENT_TARGET = 5.0;
				OTHER_CFLAGS = "-DNS_BLOCK_ASSERTIONS=1";
				SDKROOT = iphoneos;
				VALIDATE_PRODUCT = YES;
			};
			name = Release;
		};
		73C6552E14BC377000CB60BA /* Debug */ = {
			isa = XCBuildConfiguration;
			buildSettings = {
				GCC_PRECOMPILE_PREFIX_HEADER = YES;
				GCC_PREFIX_HEADER = "MagicalRecordSample/MagicalRecordSample-Prefix.pch";
				GCC_VERSION = "";
				INFOPLIST_FILE = "MagicalRecordSample/MagicalRecordSample-Info.plist";
				IPHONEOS_DEPLOYMENT_TARGET = 4.2;
				PRODUCT_NAME = "$(TARGET_NAME)";
				WRAPPER_EXTENSION = app;
			};
			name = Debug;
		};
		73C6552F14BC377000CB60BA /* Release */ = {
			isa = XCBuildConfiguration;
			buildSettings = {
				GCC_PRECOMPILE_PREFIX_HEADER = YES;
				GCC_PREFIX_HEADER = "MagicalRecordSample/MagicalRecordSample-Prefix.pch";
				GCC_VERSION = "";
				INFOPLIST_FILE = "MagicalRecordSample/MagicalRecordSample-Info.plist";
				IPHONEOS_DEPLOYMENT_TARGET = 4.2;
				PRODUCT_NAME = "$(TARGET_NAME)";
				WRAPPER_EXTENSION = app;
			};
			name = Release;
		};
/* End XCBuildConfiguration section */

/* Begin XCConfigurationList section */
		73C6550A14BC376F00CB60BA /* Build configuration list for PBXProject "MagicalRecordSample" */ = {
			isa = XCConfigurationList;
			buildConfigurations = (
				73C6552B14BC377000CB60BA /* Debug */,
				73C6552C14BC377000CB60BA /* Release */,
			);
			defaultConfigurationIsVisible = 0;
			defaultConfigurationName = Release;
		};
		73C6552D14BC377000CB60BA /* Build configuration list for PBXNativeTarget "MagicalRecordSample" */ = {
			isa = XCConfigurationList;
			buildConfigurations = (
				73C6552E14BC377000CB60BA /* Debug */,
				73C6552F14BC377000CB60BA /* Release */,
			);
			defaultConfigurationIsVisible = 0;
			defaultConfigurationName = Release;
		};
/* End XCConfigurationList section */

/* Begin XCVersionGroup section */
		73C6552814BC376F00CB60BA /* MagicalRecordSample.xcdatamodeld */ = {
			isa = XCVersionGroup;
			children = (
				73C6552914BC376F00CB60BA /* MagicalRecordSample.xcdatamodel */,
			);
			currentVersion = 73C6552914BC376F00CB60BA /* MagicalRecordSample.xcdatamodel */;
			path = MagicalRecordSample.xcdatamodeld;
			sourceTree = "<group>";
			versionGroupType = wrapper.xcdatamodel;
		};
/* End XCVersionGroup section */
	};
	rootObject = 73C6550714BC376F00CB60BA /* Project object */;
}
